
Microsoft Visual Studio Solution File, Format Version 12.00
Project("{FAE04EC0-301F-11D3-BF4B-00C04F79EFBC}") = "Wordle.Model", "Wordle.Model\Wordle.Model.csproj", "{9B0DF828-BD52-4927-988F-1C8B7A1B385B}"
EndProject
Project("{FAE04EC0-301F-11D3-BF4B-00C04F79EFBC}") = "Wordle.Queries", "Wordle.Queries\Wordle.Queries.csproj", "{F5401694-DEF5-4363-929E-C16917FD765F}"
EndProject
Project("{FAE04EC0-301F-11D3-BF4B-00C04F79EFBC}") = "Wordle.Commands", "Wordle.Commands\Wordle.Commands.csproj", "{FC4C7740-90C7-45F0-A945-77602DF911EF}"
EndProject
Project("{FAE04EC0-301F-11D3-BF4B-00C04F79EFBC}") = "Wordle.CommandHandlers", "Wordle.CommandHandlers\Wordle.CommandHandlers.csproj", "{D4EF2B48-8234-49D3-A3E3-282CECFED747}"
EndProject
Project("{FAE04EC0-301F-11D3-BF4B-00C04F79EFBC}") = "Wordle.QueryHandlers.Dynamo", "Wordle.QueryHandlers.Dynamo\Wordle.QueryHandlers.Dynamo.csproj", "{323C95E4-3D65-4C8D-A99A-3BEEA4F435B5}"
EndProject
Project("{FAE04EC0-301F-11D3-BF4B-00C04F79EFBC}") = "Wordle.Events", "Wordle.Events\Wordle.Events.csproj", "{CBB973F1-4BD6-4651-8889-8172F36FA9E6}"
EndProject
Project("{FAE04EC0-301F-11D3-BF4B-00C04F79EFBC}") = "Wordle.Clock", "Wordle.Clock\Wordle.Clock.csproj", "{CA61C81D-9920-4490-ABE3-9428761016C9}"
EndProject
Project("{FAE04EC0-301F-11D3-BF4B-00C04F79EFBC}") = "Wordle.Persistence", "Wordle.Persistence\Wordle.Persistence.csproj", "{29F7ADE8-EB7A-4104-A164-9F6CA6B0A685}"
EndProject
Project("{FAE04EC0-301F-11D3-BF4B-00C04F79EFBC}") = "Wordle.Persistence.Dynamo", "Wordle.Persistence.Dynamo\Wordle.Persistence.Dynamo.csproj", "{30D56362-693F-4FB3-A651-EDBA59473481}"
EndProject
Project("{FAE04EC0-301F-11D3-BF4B-00C04F79EFBC}") = "Wordle.Common", "Wordle.Common\Wordle.Common.csproj", "{E8BF2CC3-FA4F-41DC-BC08-A8A41A50FF80}"
EndProject
Project("{FAE04EC0-301F-11D3-BF4B-00C04F79EFBC}") = "Wordle.Render", "Wordle.Render\Wordle.Render.csproj", "{A1DAD6E1-990B-4697-9804-EED5006700FC}"
EndProject
Project("{2150E333-8FDC-42A3-9474-1A3956D46DE8}") = "twitch", "twitch", "{A30861CF-A369-4E67-87F1-20D08B1349A0}"
EndProject
Project("{FAE04EC0-301F-11D3-BF4B-00C04F79EFBC}") = "Wordle.Logger", "Wordle.Logger\Wordle.Logger.csproj", "{861CE913-2562-4D58-9285-ECD877C904F3}"
EndProject
Project("{FAE04EC0-301F-11D3-BF4B-00C04F79EFBC}") = "Wordle.Dictionary", "Wordle.Dictionary\Wordle.Dictionary.csproj", "{CD2DE0AA-E8F1-4B4E-8F46-3420637D75CF}"
EndProject
Project("{2150E333-8FDC-42A3-9474-1A3956D46DE8}") = "tools", "tools", "{96E0942B-FA71-4DA8-AC32-3A94F7A981A5}"
EndProject
Project("{FAE04EC0-301F-11D3-BF4B-00C04F79EFBC}") = "DynamoDictionaryLoader", "DynamoDictionaryLoader\DynamoDictionaryLoader.csproj", "{9A480E56-5E9F-4CA8-AA12-F70DCA1FDF86}"
EndProject
Project("{2150E333-8FDC-42A3-9474-1A3956D46DE8}") = "tests", "tests", "{82FEBA6D-CE3F-4F85-8CAC-0D98EEC12404}"
EndProject
Project("{2150E333-8FDC-42A3-9474-1A3956D46DE8}") = "apps", "apps", "{F41F8CD6-989B-4AE4-B419-1EEDFA05C467}"
EndProject
Project("{FAE04EC0-301F-11D3-BF4B-00C04F79EFBC}") = "Wordle.Api.Public", "Wordle.Api.Public\Wordle.Api.Public.csproj", "{8F3A44F2-B729-4B3C-B237-958FA144CC22}"
EndProject
Project("{FAE04EC0-301F-11D3-BF4B-00C04F79EFBC}") = "Wordle.Apps.GameEventProcessor", "Wordle.Apps.GameEventProcessor\Wordle.Apps.GameEventProcessor.csproj", "{CF7B5EEE-6C19-45B8-85B9-6CF6A3EC9385}"
EndProject
Project("{FAE04EC0-301F-11D3-BF4B-00C04F79EFBC}") = "Wordle.Apps.Common", "Wordle.Apps.Common\Wordle.Apps.Common.csproj", "{94F10EEB-AD09-4576-98B5-E94D78ABD034}"
EndProject
Project("{FAE04EC0-301F-11D3-BF4B-00C04F79EFBC}") = "Wordle.Aws.EventBridge", "Wordle.Aws.EventBridge\Wordle.Aws.EventBridge.csproj", "{E00AB1A0-5CF8-4423-AF2A-99D8BDD5ECA4}"
EndProject
Project("{FAE04EC0-301F-11D3-BF4B-00C04F79EFBC}") = "Wordle.IntegrationTests", "Wordle.IntegrationTests\Wordle.IntegrationTests.csproj", "{8C4F1203-7B2F-4914-8B61-86E27E23ED8E}"
EndProject
Project("{FAE04EC0-301F-11D3-BF4B-00C04F79EFBC}") = "Wordle.UnitTests", "Wordle.UnitTests\Wordle.UnitTests.csproj", "{B7E5D226-5952-4EA1-AF81-720B50C4E8B5}"
EndProject
Project("{2150E333-8FDC-42A3-9474-1A3956D46DE8}") = "web", "web", "{634D6CA1-F09F-4807-9E6D-0B751210DC06}"
EndProject
Project("{FAE04EC0-301F-11D3-BF4B-00C04F79EFBC}") = "Wordle.Aws.DictionaryImpl", "Wordle.Aws.DictionaryImpl\Wordle.Aws.DictionaryImpl.csproj", "{230DF340-8980-4C94-88AB-9020C1B470FE}"
EndProject
Project("{FAE04EC0-301F-11D3-BF4B-00C04F79EFBC}") = "Wordle.Apps.BoardGenerator", "Wordle.Apps.BoardGenerator\Wordle.Apps.BoardGenerator.csproj", "{F1E2A2DD-6916-4B33-B4A9-F332BB791BF4}"
EndProject
Project("{FAE04EC0-301F-11D3-BF4B-00C04F79EFBC}") = "Wordle.Kafka.Consumer", "Wordle.Kafka.Consumer\Wordle.Kafka.Consumer.csproj", "{25C25A2F-9CCD-4269-95FB-73DB35FB2905}"
EndProject
Project("{FAE04EC0-301F-11D3-BF4B-00C04F79EFBC}") = "Wordle.Aws.Common", "Wordle.Aws.Common\Wordle.Aws.Common.csproj", "{CF8445D4-5369-463D-BE3B-0BBC36E5129D}"
EndProject
Project("{FAE04EC0-301F-11D3-BF4B-00C04F79EFBC}") = "Wordle.Kafka.Publisher", "Wordle.Kafka.Publisher\Wordle.Kafka.Publisher.csproj", "{5E4DB08F-0778-424C-88BE-072F7E1B3DAE}"
EndProject
Project("{FAE04EC0-301F-11D3-BF4B-00C04F79EFBC}") = "Wordle.Kafka.Common", "Wordle.Kafka.Common\Wordle.Kafka.Common.csproj", "{9FE10879-BD92-4C26-AF0C-99DA9A128DBB}"
EndProject
Project("{2150E333-8FDC-42A3-9474-1A3956D46DE8}") = "kafka", "kafka", "{2B9FB127-D071-405B-82C6-A81BFF822E19}"
EndProject
Project("{FAE04EC0-301F-11D3-BF4B-00C04F79EFBC}") = "Wordle.Api.Realtime", "Wordle.Api.Realtime\Wordle.Api.Realtime.csproj", "{B02C3CDB-CD1B-431F-B9F6-2368B4FA2291}"
EndProject
Project("{2150E333-8FDC-42A3-9474-1A3956D46DE8}") = "aws", "aws", "{78D38416-1AB5-4B06-9CEF-0F314851E4DE}"
EndProject
Project("{FAE04EC0-301F-11D3-BF4B-00C04F79EFBC}") = "Wordle.Api.Private", "Wordle.Api.Private\Wordle.Api.Private.csproj", "{5D8D9D84-3A54-4623-9751-48673B17196A}"
EndProject
Project("{2150E333-8FDC-42A3-9474-1A3956D46DE8}") = "redis", "redis", "{438956A6-0028-458F-9EDA-65A23AA386A0}"
EndProject
Project("{FAE04EC0-301F-11D3-BF4B-00C04F79EFBC}") = "Wordle.Redis.Consumer", "Wordle.Redis.Consumer\Wordle.Redis.Consumer.csproj", "{BFB880E1-CE33-4E31-A286-D8F9ABB8E9F0}"
EndProject
Project("{FAE04EC0-301F-11D3-BF4B-00C04F79EFBC}") = "Wordle.Redis.Publisher", "Wordle.Redis.Publisher\Wordle.Redis.Publisher.csproj", "{5E74A38F-DA20-4C3C-9716-9E62C0160D48}"
EndProject
Project("{FAE04EC0-301F-11D3-BF4B-00C04F79EFBC}") = "Wordle.Redis.Common", "Wordle.Redis.Common\Wordle.Redis.Common.csproj", "{F3ECB4B8-3DAC-4AA9-A631-6E3B4872D69D}"
EndProject
Project("{FAE04EC0-301F-11D3-BF4B-00C04F79EFBC}") = "Wordle.Persistence.EntityFramework", "Wordle.Persistence.EntityFramework\Wordle.Persistence.EntityFramework.csproj", "{E80CF751-C663-4D8C-B6D0-09E1D1F339C2}"
EndProject
Project("{FAE04EC0-301F-11D3-BF4B-00C04F79EFBC}") = "Wordle.QueryHandlers.EntityFramework", "Wordle.QueryHandlers.EntityFramework\Wordle.QueryHandlers.EntityFramework.csproj", "{FEAE4254-80C9-4C6A-AE43-663262EF6D63}"
EndProject
Project("{FAE04EC0-301F-11D3-BF4B-00C04F79EFBC}") = "Wordle.EntityFramework", "Wordle.EntityFramework\Wordle.EntityFramework.csproj", "{5D20167B-C0C2-431E-8195-CB4C1077C250}"
EndProject
Global
	GlobalSection(SolutionConfigurationPlatforms) = preSolution
		Debug|Any CPU = Debug|Any CPU
		Release|Any CPU = Release|Any CPU
	EndGlobalSection
	GlobalSection(ProjectConfigurationPlatforms) = postSolution
		{9B0DF828-BD52-4927-988F-1C8B7A1B385B}.Debug|Any CPU.ActiveCfg = Debug|Any CPU
		{9B0DF828-BD52-4927-988F-1C8B7A1B385B}.Debug|Any CPU.Build.0 = Debug|Any CPU
		{9B0DF828-BD52-4927-988F-1C8B7A1B385B}.Release|Any CPU.ActiveCfg = Release|Any CPU
		{9B0DF828-BD52-4927-988F-1C8B7A1B385B}.Release|Any CPU.Build.0 = Release|Any CPU
		{F5401694-DEF5-4363-929E-C16917FD765F}.Debug|Any CPU.ActiveCfg = Debug|Any CPU
		{F5401694-DEF5-4363-929E-C16917FD765F}.Debug|Any CPU.Build.0 = Debug|Any CPU
		{F5401694-DEF5-4363-929E-C16917FD765F}.Release|Any CPU.ActiveCfg = Release|Any CPU
		{F5401694-DEF5-4363-929E-C16917FD765F}.Release|Any CPU.Build.0 = Release|Any CPU
		{FC4C7740-90C7-45F0-A945-77602DF911EF}.Debug|Any CPU.ActiveCfg = Debug|Any CPU
		{FC4C7740-90C7-45F0-A945-77602DF911EF}.Debug|Any CPU.Build.0 = Debug|Any CPU
		{FC4C7740-90C7-45F0-A945-77602DF911EF}.Release|Any CPU.ActiveCfg = Release|Any CPU
		{FC4C7740-90C7-45F0-A945-77602DF911EF}.Release|Any CPU.Build.0 = Release|Any CPU
		{D4EF2B48-8234-49D3-A3E3-282CECFED747}.Debug|Any CPU.ActiveCfg = Debug|Any CPU
		{D4EF2B48-8234-49D3-A3E3-282CECFED747}.Debug|Any CPU.Build.0 = Debug|Any CPU
		{D4EF2B48-8234-49D3-A3E3-282CECFED747}.Release|Any CPU.ActiveCfg = Release|Any CPU
		{D4EF2B48-8234-49D3-A3E3-282CECFED747}.Release|Any CPU.Build.0 = Release|Any CPU
		{323C95E4-3D65-4C8D-A99A-3BEEA4F435B5}.Debug|Any CPU.ActiveCfg = Debug|Any CPU
		{323C95E4-3D65-4C8D-A99A-3BEEA4F435B5}.Debug|Any CPU.Build.0 = Debug|Any CPU
		{323C95E4-3D65-4C8D-A99A-3BEEA4F435B5}.Release|Any CPU.ActiveCfg = Release|Any CPU
		{323C95E4-3D65-4C8D-A99A-3BEEA4F435B5}.Release|Any CPU.Build.0 = Release|Any CPU
		{CBB973F1-4BD6-4651-8889-8172F36FA9E6}.Debug|Any CPU.ActiveCfg = Debug|Any CPU
		{CBB973F1-4BD6-4651-8889-8172F36FA9E6}.Debug|Any CPU.Build.0 = Debug|Any CPU
		{CBB973F1-4BD6-4651-8889-8172F36FA9E6}.Release|Any CPU.ActiveCfg = Release|Any CPU
		{CBB973F1-4BD6-4651-8889-8172F36FA9E6}.Release|Any CPU.Build.0 = Release|Any CPU
		{CA61C81D-9920-4490-ABE3-9428761016C9}.Debug|Any CPU.ActiveCfg = Debug|Any CPU
		{CA61C81D-9920-4490-ABE3-9428761016C9}.Debug|Any CPU.Build.0 = Debug|Any CPU
		{CA61C81D-9920-4490-ABE3-9428761016C9}.Release|Any CPU.ActiveCfg = Release|Any CPU
		{CA61C81D-9920-4490-ABE3-9428761016C9}.Release|Any CPU.Build.0 = Release|Any CPU
		{29F7ADE8-EB7A-4104-A164-9F6CA6B0A685}.Debug|Any CPU.ActiveCfg = Debug|Any CPU
		{29F7ADE8-EB7A-4104-A164-9F6CA6B0A685}.Debug|Any CPU.Build.0 = Debug|Any CPU
		{29F7ADE8-EB7A-4104-A164-9F6CA6B0A685}.Release|Any CPU.ActiveCfg = Release|Any CPU
		{29F7ADE8-EB7A-4104-A164-9F6CA6B0A685}.Release|Any CPU.Build.0 = Release|Any CPU
		{30D56362-693F-4FB3-A651-EDBA59473481}.Debug|Any CPU.ActiveCfg = Debug|Any CPU
		{30D56362-693F-4FB3-A651-EDBA59473481}.Debug|Any CPU.Build.0 = Debug|Any CPU
		{30D56362-693F-4FB3-A651-EDBA59473481}.Release|Any CPU.ActiveCfg = Release|Any CPU
		{30D56362-693F-4FB3-A651-EDBA59473481}.Release|Any CPU.Build.0 = Release|Any CPU
		{E8BF2CC3-FA4F-41DC-BC08-A8A41A50FF80}.Debug|Any CPU.ActiveCfg = Debug|Any CPU
		{E8BF2CC3-FA4F-41DC-BC08-A8A41A50FF80}.Debug|Any CPU.Build.0 = Debug|Any CPU
		{E8BF2CC3-FA4F-41DC-BC08-A8A41A50FF80}.Release|Any CPU.ActiveCfg = Release|Any CPU
		{E8BF2CC3-FA4F-41DC-BC08-A8A41A50FF80}.Release|Any CPU.Build.0 = Release|Any CPU
		{A1DAD6E1-990B-4697-9804-EED5006700FC}.Debug|Any CPU.ActiveCfg = Debug|Any CPU
		{A1DAD6E1-990B-4697-9804-EED5006700FC}.Debug|Any CPU.Build.0 = Debug|Any CPU
		{A1DAD6E1-990B-4697-9804-EED5006700FC}.Release|Any CPU.ActiveCfg = Release|Any CPU
		{A1DAD6E1-990B-4697-9804-EED5006700FC}.Release|Any CPU.Build.0 = Release|Any CPU
		{861CE913-2562-4D58-9285-ECD877C904F3}.Debug|Any CPU.ActiveCfg = Debug|Any CPU
		{861CE913-2562-4D58-9285-ECD877C904F3}.Debug|Any CPU.Build.0 = Debug|Any CPU
		{861CE913-2562-4D58-9285-ECD877C904F3}.Release|Any CPU.ActiveCfg = Release|Any CPU
		{861CE913-2562-4D58-9285-ECD877C904F3}.Release|Any CPU.Build.0 = Release|Any CPU
		{CD2DE0AA-E8F1-4B4E-8F46-3420637D75CF}.Debug|Any CPU.ActiveCfg = Debug|Any CPU
		{CD2DE0AA-E8F1-4B4E-8F46-3420637D75CF}.Debug|Any CPU.Build.0 = Debug|Any CPU
		{CD2DE0AA-E8F1-4B4E-8F46-3420637D75CF}.Release|Any CPU.ActiveCfg = Release|Any CPU
		{CD2DE0AA-E8F1-4B4E-8F46-3420637D75CF}.Release|Any CPU.Build.0 = Release|Any CPU
		{9A480E56-5E9F-4CA8-AA12-F70DCA1FDF86}.Debug|Any CPU.ActiveCfg = Debug|Any CPU
		{9A480E56-5E9F-4CA8-AA12-F70DCA1FDF86}.Debug|Any CPU.Build.0 = Debug|Any CPU
		{9A480E56-5E9F-4CA8-AA12-F70DCA1FDF86}.Release|Any CPU.ActiveCfg = Release|Any CPU
		{9A480E56-5E9F-4CA8-AA12-F70DCA1FDF86}.Release|Any CPU.Build.0 = Release|Any CPU
		{8F3A44F2-B729-4B3C-B237-958FA144CC22}.Debug|Any CPU.ActiveCfg = Debug|Any CPU
		{8F3A44F2-B729-4B3C-B237-958FA144CC22}.Debug|Any CPU.Build.0 = Debug|Any CPU
		{8F3A44F2-B729-4B3C-B237-958FA144CC22}.Release|Any CPU.ActiveCfg = Release|Any CPU
		{8F3A44F2-B729-4B3C-B237-958FA144CC22}.Release|Any CPU.Build.0 = Release|Any CPU
		{CF7B5EEE-6C19-45B8-85B9-6CF6A3EC9385}.Debug|Any CPU.ActiveCfg = Debug|Any CPU
		{CF7B5EEE-6C19-45B8-85B9-6CF6A3EC9385}.Debug|Any CPU.Build.0 = Debug|Any CPU
		{CF7B5EEE-6C19-45B8-85B9-6CF6A3EC9385}.Release|Any CPU.ActiveCfg = Release|Any CPU
		{CF7B5EEE-6C19-45B8-85B9-6CF6A3EC9385}.Release|Any CPU.Build.0 = Release|Any CPU
		{94F10EEB-AD09-4576-98B5-E94D78ABD034}.Debug|Any CPU.ActiveCfg = Debug|Any CPU
		{94F10EEB-AD09-4576-98B5-E94D78ABD034}.Debug|Any CPU.Build.0 = Debug|Any CPU
		{94F10EEB-AD09-4576-98B5-E94D78ABD034}.Release|Any CPU.ActiveCfg = Release|Any CPU
		{94F10EEB-AD09-4576-98B5-E94D78ABD034}.Release|Any CPU.Build.0 = Release|Any CPU
		{E00AB1A0-5CF8-4423-AF2A-99D8BDD5ECA4}.Debug|Any CPU.ActiveCfg = Debug|Any CPU
		{E00AB1A0-5CF8-4423-AF2A-99D8BDD5ECA4}.Debug|Any CPU.Build.0 = Debug|Any CPU
		{E00AB1A0-5CF8-4423-AF2A-99D8BDD5ECA4}.Release|Any CPU.ActiveCfg = Release|Any CPU
		{E00AB1A0-5CF8-4423-AF2A-99D8BDD5ECA4}.Release|Any CPU.Build.0 = Release|Any CPU
		{8C4F1203-7B2F-4914-8B61-86E27E23ED8E}.Debug|Any CPU.ActiveCfg = Debug|Any CPU
		{8C4F1203-7B2F-4914-8B61-86E27E23ED8E}.Debug|Any CPU.Build.0 = Debug|Any CPU
		{8C4F1203-7B2F-4914-8B61-86E27E23ED8E}.Release|Any CPU.ActiveCfg = Release|Any CPU
		{8C4F1203-7B2F-4914-8B61-86E27E23ED8E}.Release|Any CPU.Build.0 = Release|Any CPU
		{B7E5D226-5952-4EA1-AF81-720B50C4E8B5}.Debug|Any CPU.ActiveCfg = Debug|Any CPU
		{B7E5D226-5952-4EA1-AF81-720B50C4E8B5}.Debug|Any CPU.Build.0 = Debug|Any CPU
		{B7E5D226-5952-4EA1-AF81-720B50C4E8B5}.Release|Any CPU.ActiveCfg = Release|Any CPU
		{B7E5D226-5952-4EA1-AF81-720B50C4E8B5}.Release|Any CPU.Build.0 = Release|Any CPU
		{230DF340-8980-4C94-88AB-9020C1B470FE}.Debug|Any CPU.ActiveCfg = Debug|Any CPU
		{230DF340-8980-4C94-88AB-9020C1B470FE}.Debug|Any CPU.Build.0 = Debug|Any CPU
		{230DF340-8980-4C94-88AB-9020C1B470FE}.Release|Any CPU.ActiveCfg = Release|Any CPU
		{230DF340-8980-4C94-88AB-9020C1B470FE}.Release|Any CPU.Build.0 = Release|Any CPU
		{F1E2A2DD-6916-4B33-B4A9-F332BB791BF4}.Debug|Any CPU.ActiveCfg = Debug|Any CPU
		{F1E2A2DD-6916-4B33-B4A9-F332BB791BF4}.Debug|Any CPU.Build.0 = Debug|Any CPU
		{F1E2A2DD-6916-4B33-B4A9-F332BB791BF4}.Release|Any CPU.ActiveCfg = Release|Any CPU
		{F1E2A2DD-6916-4B33-B4A9-F332BB791BF4}.Release|Any CPU.Build.0 = Release|Any CPU
		{25C25A2F-9CCD-4269-95FB-73DB35FB2905}.Debug|Any CPU.ActiveCfg = Debug|Any CPU
		{25C25A2F-9CCD-4269-95FB-73DB35FB2905}.Debug|Any CPU.Build.0 = Debug|Any CPU
		{25C25A2F-9CCD-4269-95FB-73DB35FB2905}.Release|Any CPU.ActiveCfg = Release|Any CPU
		{25C25A2F-9CCD-4269-95FB-73DB35FB2905}.Release|Any CPU.Build.0 = Release|Any CPU
		{CF8445D4-5369-463D-BE3B-0BBC36E5129D}.Debug|Any CPU.ActiveCfg = Debug|Any CPU
		{CF8445D4-5369-463D-BE3B-0BBC36E5129D}.Debug|Any CPU.Build.0 = Debug|Any CPU
		{CF8445D4-5369-463D-BE3B-0BBC36E5129D}.Release|Any CPU.ActiveCfg = Release|Any CPU
		{CF8445D4-5369-463D-BE3B-0BBC36E5129D}.Release|Any CPU.Build.0 = Release|Any CPU
		{5E4DB08F-0778-424C-88BE-072F7E1B3DAE}.Debug|Any CPU.ActiveCfg = Debug|Any CPU
		{5E4DB08F-0778-424C-88BE-072F7E1B3DAE}.Debug|Any CPU.Build.0 = Debug|Any CPU
		{5E4DB08F-0778-424C-88BE-072F7E1B3DAE}.Release|Any CPU.ActiveCfg = Release|Any CPU
		{5E4DB08F-0778-424C-88BE-072F7E1B3DAE}.Release|Any CPU.Build.0 = Release|Any CPU
		{9FE10879-BD92-4C26-AF0C-99DA9A128DBB}.Debug|Any CPU.ActiveCfg = Debug|Any CPU
		{9FE10879-BD92-4C26-AF0C-99DA9A128DBB}.Debug|Any CPU.Build.0 = Debug|Any CPU
		{9FE10879-BD92-4C26-AF0C-99DA9A128DBB}.Release|Any CPU.ActiveCfg = Release|Any CPU
		{9FE10879-BD92-4C26-AF0C-99DA9A128DBB}.Release|Any CPU.Build.0 = Release|Any CPU
		{B02C3CDB-CD1B-431F-B9F6-2368B4FA2291}.Debug|Any CPU.ActiveCfg = Debug|Any CPU
		{B02C3CDB-CD1B-431F-B9F6-2368B4FA2291}.Debug|Any CPU.Build.0 = Debug|Any CPU
		{B02C3CDB-CD1B-431F-B9F6-2368B4FA2291}.Release|Any CPU.ActiveCfg = Release|Any CPU
		{B02C3CDB-CD1B-431F-B9F6-2368B4FA2291}.Release|Any CPU.Build.0 = Release|Any CPU
		{5D8D9D84-3A54-4623-9751-48673B17196A}.Debug|Any CPU.ActiveCfg = Debug|Any CPU
		{5D8D9D84-3A54-4623-9751-48673B17196A}.Debug|Any CPU.Build.0 = Debug|Any CPU
		{5D8D9D84-3A54-4623-9751-48673B17196A}.Release|Any CPU.ActiveCfg = Release|Any CPU
		{5D8D9D84-3A54-4623-9751-48673B17196A}.Release|Any CPU.Build.0 = Release|Any CPU
		{BFB880E1-CE33-4E31-A286-D8F9ABB8E9F0}.Debug|Any CPU.ActiveCfg = Debug|Any CPU
		{BFB880E1-CE33-4E31-A286-D8F9ABB8E9F0}.Debug|Any CPU.Build.0 = Debug|Any CPU
		{BFB880E1-CE33-4E31-A286-D8F9ABB8E9F0}.Release|Any CPU.ActiveCfg = Release|Any CPU
		{BFB880E1-CE33-4E31-A286-D8F9ABB8E9F0}.Release|Any CPU.Build.0 = Release|Any CPU
		{5E74A38F-DA20-4C3C-9716-9E62C0160D48}.Debug|Any CPU.ActiveCfg = Debug|Any CPU
		{5E74A38F-DA20-4C3C-9716-9E62C0160D48}.Debug|Any CPU.Build.0 = Debug|Any CPU
		{5E74A38F-DA20-4C3C-9716-9E62C0160D48}.Release|Any CPU.ActiveCfg = Release|Any CPU
		{5E74A38F-DA20-4C3C-9716-9E62C0160D48}.Release|Any CPU.Build.0 = Release|Any CPU
		{F3ECB4B8-3DAC-4AA9-A631-6E3B4872D69D}.Debug|Any CPU.ActiveCfg = Debug|Any CPU
		{F3ECB4B8-3DAC-4AA9-A631-6E3B4872D69D}.Debug|Any CPU.Build.0 = Debug|Any CPU
		{F3ECB4B8-3DAC-4AA9-A631-6E3B4872D69D}.Release|Any CPU.ActiveCfg = Release|Any CPU
		{F3ECB4B8-3DAC-4AA9-A631-6E3B4872D69D}.Release|Any CPU.Build.0 = Release|Any CPU
		{E80CF751-C663-4D8C-B6D0-09E1D1F339C2}.Debug|Any CPU.ActiveCfg = Debug|Any CPU
		{E80CF751-C663-4D8C-B6D0-09E1D1F339C2}.Debug|Any CPU.Build.0 = Debug|Any CPU
		{E80CF751-C663-4D8C-B6D0-09E1D1F339C2}.Release|Any CPU.ActiveCfg = Release|Any CPU
		{E80CF751-C663-4D8C-B6D0-09E1D1F339C2}.Release|Any CPU.Build.0 = Release|Any CPU
		{FEAE4254-80C9-4C6A-AE43-663262EF6D63}.Debug|Any CPU.ActiveCfg = Debug|Any CPU
		{FEAE4254-80C9-4C6A-AE43-663262EF6D63}.Debug|Any CPU.Build.0 = Debug|Any CPU
		{FEAE4254-80C9-4C6A-AE43-663262EF6D63}.Release|Any CPU.ActiveCfg = Release|Any CPU
		{FEAE4254-80C9-4C6A-AE43-663262EF6D63}.Release|Any CPU.Build.0 = Release|Any CPU
		{5D20167B-C0C2-431E-8195-CB4C1077C250}.Debug|Any CPU.ActiveCfg = Debug|Any CPU
		{5D20167B-C0C2-431E-8195-CB4C1077C250}.Debug|Any CPU.Build.0 = Debug|Any CPU
		{5D20167B-C0C2-431E-8195-CB4C1077C250}.Release|Any CPU.ActiveCfg = Release|Any CPU
		{5D20167B-C0C2-431E-8195-CB4C1077C250}.Release|Any CPU.Build.0 = Release|Any CPU
	EndGlobalSection
	GlobalSection(NestedProjects) = preSolution
		{9A480E56-5E9F-4CA8-AA12-F70DCA1FDF86} = {96E0942B-FA71-4DA8-AC32-3A94F7A981A5}
		{8F3A44F2-B729-4B3C-B237-958FA144CC22} = {F41F8CD6-989B-4AE4-B419-1EEDFA05C467}
		{CF7B5EEE-6C19-45B8-85B9-6CF6A3EC9385} = {F41F8CD6-989B-4AE4-B419-1EEDFA05C467}
		{94F10EEB-AD09-4576-98B5-E94D78ABD034} = {F41F8CD6-989B-4AE4-B419-1EEDFA05C467}
		{8C4F1203-7B2F-4914-8B61-86E27E23ED8E} = {82FEBA6D-CE3F-4F85-8CAC-0D98EEC12404}
		{B7E5D226-5952-4EA1-AF81-720B50C4E8B5} = {82FEBA6D-CE3F-4F85-8CAC-0D98EEC12404}
		{F1E2A2DD-6916-4B33-B4A9-F332BB791BF4} = {F41F8CD6-989B-4AE4-B419-1EEDFA05C467}
		{2B9FB127-D071-405B-82C6-A81BFF822E19} = {F41F8CD6-989B-4AE4-B419-1EEDFA05C467}
		{9FE10879-BD92-4C26-AF0C-99DA9A128DBB} = {2B9FB127-D071-405B-82C6-A81BFF822E19}
		{25C25A2F-9CCD-4269-95FB-73DB35FB2905} = {2B9FB127-D071-405B-82C6-A81BFF822E19}
		{5E4DB08F-0778-424C-88BE-072F7E1B3DAE} = {2B9FB127-D071-405B-82C6-A81BFF822E19}
		{B02C3CDB-CD1B-431F-B9F6-2368B4FA2291} = {F41F8CD6-989B-4AE4-B419-1EEDFA05C467}
		{E00AB1A0-5CF8-4423-AF2A-99D8BDD5ECA4} = {78D38416-1AB5-4B06-9CEF-0F314851E4DE}
		{CF8445D4-5369-463D-BE3B-0BBC36E5129D} = {78D38416-1AB5-4B06-9CEF-0F314851E4DE}
		{230DF340-8980-4C94-88AB-9020C1B470FE} = {78D38416-1AB5-4B06-9CEF-0F314851E4DE}
		{5D8D9D84-3A54-4623-9751-48673B17196A} = {F41F8CD6-989B-4AE4-B419-1EEDFA05C467}
		{438956A6-0028-458F-9EDA-65A23AA386A0} = {F41F8CD6-989B-4AE4-B419-1EEDFA05C467}
		{BFB880E1-CE33-4E31-A286-D8F9ABB8E9F0} = {438956A6-0028-458F-9EDA-65A23AA386A0}
		{5E74A38F-DA20-4C3C-9716-9E62C0160D48} = {438956A6-0028-458F-9EDA-65A23AA386A0}
		{F3ECB4B8-3DAC-4AA9-A631-6E3B4872D69D} = {438956A6-0028-458F-9EDA-65A23AA386A0}
	EndGlobalSection
EndGlobal
